
Microsoft Visual Studio Solution File, Format Version 12.00
# Visual Studio Version 16
VisualStudioVersion = 16.0.29424.173
MinimumVisualStudioVersion = 10.0.40219.1
Project("{9A19103F-16F7-4668-BE54-9A1E7A4F7556}") = "VerifitServer", "VerifitServer\VerifitServer.csproj", "{FC172111-6D3D-47FF-92A8-49BDB0037E89}"
EndProject
Global
	GlobalSection(SolutionConfigurationPlatforms) = preSolution
		Debug|Any CPU = Debug|Any CPU
		Release|Any CPU = Release|Any CPU
	EndGlobalSection
	GlobalSection(ProjectConfigurationPlatforms) = postSolution
		{FC172111-6D3D-47FF-92A8-49BDB0037E89}.Debug|Any CPU.ActiveCfg = Debug|Any CPU
		{FC172111-6D3D-47FF-92A8-49BDB0037E89}.Debug|Any CPU.Build.0 = Debug|Any CPU
		{FC172111-6D3D-47FF-92A8-49BDB0037E89}.Release|Any CPU.ActiveCfg = Release|Any CPU
		{FC172111-6D3D-47FF-92A8-49BDB0037E89}.Release|Any CPU.Build.0 = Release|Any CPU
	EndGlobalSection
	GlobalSection(SolutionProperties) = preSolution
		HideSolutionNode = FALSE
	EndGlobalSection
	GlobalSection(ExtensibilityGlobals) = postSolution
		SolutionGuid = {73C8DC8B-6039-4C41-A448-0D8C63E7BA3D}
	EndGlobalSection
EndGlobal
