
Microsoft Visual Studio Solution File, Format Version 12.00
# Visual Studio Version 16
VisualStudioVersion = 16.0.29424.173
MinimumVisualStudioVersion = 10.0.40219.1
Project("{FAE04EC0-301F-11D3-BF4B-00C04F79EFBC}") = "PhoneAPI", "PhoneAPI\PhoneAPI.csproj", "{CA4FB185-675E-4F3D-A4CF-1744DF40C923}"
EndProject
Global
	GlobalSection(SolutionConfigurationPlatforms) = preSolution
		Debug|Any CPU = Debug|Any CPU
		Release|Any CPU = Release|Any CPU
	EndGlobalSection
	GlobalSection(ProjectConfigurationPlatforms) = postSolution
		{CA4FB185-675E-4F3D-A4CF-1744DF40C923}.Debug|Any CPU.ActiveCfg = Debug|Any CPU
		{CA4FB185-675E-4F3D-A4CF-1744DF40C923}.Debug|Any CPU.Build.0 = Debug|Any CPU
		{CA4FB185-675E-4F3D-A4CF-1744DF40C923}.Release|Any CPU.ActiveCfg = Release|Any CPU
		{CA4FB185-675E-4F3D-A4CF-1744DF40C923}.Release|Any CPU.Build.0 = Release|Any CPU
	EndGlobalSection
	GlobalSection(SolutionProperties) = preSolution
		HideSolutionNode = FALSE
	EndGlobalSection
	GlobalSection(ExtensibilityGlobals) = postSolution
		SolutionGuid = {0BA70A3C-1B74-4F8A-B4EE-0B7DF1E24206}
	EndGlobalSection
EndGlobal
